
Microsoft Visual Studio Solution File, Format Version 12.00
# Visual Studio Version 17
VisualStudioVersion = 17.3.32929.385
MinimumVisualStudioVersion = 10.0.40219.1
Project("{FAE04EC0-301F-11D3-BF4B-00C04F79EFBC}") = "AzureServiceBusExample", "AzureServiceBusExample\AzureServiceBusExample.csproj", "{5B606B90-4BCD-454E-AF7E-E98CA9011200}"
EndProject
Global
	GlobalSection(SolutionConfigurationPlatforms) = preSolution
		Debug|Any CPU = Debug|Any CPU
		Release|Any CPU = Release|Any CPU
	EndGlobalSection
	GlobalSection(ProjectConfigurationPlatforms) = postSolution
		{5B606B90-4BCD-454E-AF7E-E98CA9011200}.Debug|Any CPU.ActiveCfg = Debug|Any CPU
		{5B606B90-4BCD-454E-AF7E-E98CA9011200}.Debug|Any CPU.Build.0 = Debug|Any CPU
		{5B606B90-4BCD-454E-AF7E-E98CA9011200}.Release|Any CPU.ActiveCfg = Release|Any CPU
		{5B606B90-4BCD-454E-AF7E-E98CA9011200}.Release|Any CPU.Build.0 = Release|Any CPU
	EndGlobalSection
	GlobalSection(SolutionProperties) = preSolution
		HideSolutionNode = FALSE
	EndGlobalSection
	GlobalSection(ExtensibilityGlobals) = postSolution
		SolutionGuid = {CE87CE06-62D5-40CF-A2FB-CFF9C8C74F4F}
	EndGlobalSection
EndGlobal
